
Microsoft Visual Studio Solution File, Format Version 12.00
Project("{FAE04EC0-301F-11D3-BF4B-00C04F79EFBC}") = "JvmpStudioWebsite", "JvmpStudioWebsite\JvmpStudioWebsite.csproj", "{82A70ED9-29DC-43FA-91FE-C4C413EA79F6}"
EndProject
Global
	GlobalSection(SolutionConfigurationPlatforms) = preSolution
		Debug|Any CPU = Debug|Any CPU
		Release|Any CPU = Release|Any CPU
	EndGlobalSection
	GlobalSection(ProjectConfigurationPlatforms) = postSolution
		{82A70ED9-29DC-43FA-91FE-C4C413EA79F6}.Debug|Any CPU.ActiveCfg = Debug|Any CPU
		{82A70ED9-29DC-43FA-91FE-C4C413EA79F6}.Debug|Any CPU.Build.0 = Debug|Any CPU
		{82A70ED9-29DC-43FA-91FE-C4C413EA79F6}.Release|Any CPU.ActiveCfg = Release|Any CPU
		{82A70ED9-29DC-43FA-91FE-C4C413EA79F6}.Release|Any CPU.Build.0 = Release|Any CPU
	EndGlobalSection
EndGlobal
