
Microsoft Visual Studio Solution File, Format Version 12.00
# Visual Studio Version 16
VisualStudioVersion = 16.0.29806.167
MinimumVisualStudioVersion = 10.0.40219.1
Project("{9A19103F-16F7-4668-BE54-9A1E7A4F7556}") = "Website", "Website\Website.csproj", "{82A70ED9-29DC-43FA-91FE-C4C413EA79F6}"
EndProject
Global
	GlobalSection(SolutionConfigurationPlatforms) = preSolution
		Debug|Any CPU = Debug|Any CPU
		Release|Any CPU = Release|Any CPU
	EndGlobalSection
	GlobalSection(ProjectConfigurationPlatforms) = postSolution
		{82A70ED9-29DC-43FA-91FE-C4C413EA79F6}.Debug|Any CPU.ActiveCfg = Debug|Any CPU
		{82A70ED9-29DC-43FA-91FE-C4C413EA79F6}.Debug|Any CPU.Build.0 = Debug|Any CPU
		{82A70ED9-29DC-43FA-91FE-C4C413EA79F6}.Release|Any CPU.ActiveCfg = Release|Any CPU
		{82A70ED9-29DC-43FA-91FE-C4C413EA79F6}.Release|Any CPU.Build.0 = Release|Any CPU
	EndGlobalSection
	GlobalSection(SolutionProperties) = preSolution
		HideSolutionNode = FALSE
	EndGlobalSection
	GlobalSection(ExtensibilityGlobals) = postSolution
		SolutionGuid = {ADDB7733-39DB-4792-A060-C214A5938D05}
	EndGlobalSection
EndGlobal
